
Microsoft Visual Studio Solution File, Format Version 12.00
# Visual Studio Version 17
VisualStudioVersion = 17.3.32922.545
MinimumVisualStudioVersion = 10.0.40219.1
Project("{8BC9CEB8-8B4A-11D0-8D11-00A0C91BC942}") = "Задача 1", "ConsoleApplication1\ConsoleApplication1.vcxproj", "{2F9A1528-A257-4FF4-A6B4-1C814B6662A5}"
EndProject
Project("{8BC9CEB8-8B4A-11D0-8D11-00A0C91BC942}") = "Задача 2", "Задача 2\Задача 2.vcxproj", "{0487524D-D1E5-42C2-A418-FCF501B213C5}"
EndProject
Project("{8BC9CEB8-8B4A-11D0-8D11-00A0C91BC942}") = "Задача 3", "Задача 3\Задача 3.vcxproj", "{A2CE9C91-7B16-4EA4-9D9A-AF5ADDC8E3F4}"
EndProject
Global
	GlobalSection(SolutionConfigurationPlatforms) = preSolution
		Debug|x64 = Debug|x64
		Debug|x86 = Debug|x86
		Release|x64 = Release|x64
		Release|x86 = Release|x86
	EndGlobalSection
	GlobalSection(ProjectConfigurationPlatforms) = postSolution
		{2F9A1528-A257-4FF4-A6B4-1C814B6662A5}.Debug|x64.ActiveCfg = Debug|x64
		{2F9A1528-A257-4FF4-A6B4-1C814B6662A5}.Debug|x64.Build.0 = Debug|x64
		{2F9A1528-A257-4FF4-A6B4-1C814B6662A5}.Debug|x86.ActiveCfg = Debug|Win32
		{2F9A1528-A257-4FF4-A6B4-1C814B6662A5}.Debug|x86.Build.0 = Debug|Win32
		{2F9A1528-A257-4FF4-A6B4-1C814B6662A5}.Release|x64.ActiveCfg = Release|x64
		{2F9A1528-A257-4FF4-A6B4-1C814B6662A5}.Release|x64.Build.0 = Release|x64
		{2F9A1528-A257-4FF4-A6B4-1C814B6662A5}.Release|x86.ActiveCfg = Release|Win32
		{2F9A1528-A257-4FF4-A6B4-1C814B6662A5}.Release|x86.Build.0 = Release|Win32
		{0487524D-D1E5-42C2-A418-FCF501B213C5}.Debug|x64.ActiveCfg = Debug|x64
		{0487524D-D1E5-42C2-A418-FCF501B213C5}.Debug|x64.Build.0 = Debug|x64
		{0487524D-D1E5-42C2-A418-FCF501B213C5}.Debug|x86.ActiveCfg = Debug|Win32
		{0487524D-D1E5-42C2-A418-FCF501B213C5}.Debug|x86.Build.0 = Debug|Win32
		{0487524D-D1E5-42C2-A418-FCF501B213C5}.Release|x64.ActiveCfg = Release|x64
		{0487524D-D1E5-42C2-A418-FCF501B213C5}.Release|x64.Build.0 = Release|x64
		{0487524D-D1E5-42C2-A418-FCF501B213C5}.Release|x86.ActiveCfg = Release|Win32
		{0487524D-D1E5-42C2-A418-FCF501B213C5}.Release|x86.Build.0 = Release|Win32
		{A2CE9C91-7B16-4EA4-9D9A-AF5ADDC8E3F4}.Debug|x64.ActiveCfg = Debug|x64
		{A2CE9C91-7B16-4EA4-9D9A-AF5ADDC8E3F4}.Debug|x64.Build.0 = Debug|x64
		{A2CE9C91-7B16-4EA4-9D9A-AF5ADDC8E3F4}.Debug|x86.ActiveCfg = Debug|Win32
		{A2CE9C91-7B16-4EA4-9D9A-AF5ADDC8E3F4}.Debug|x86.Build.0 = Debug|Win32
		{A2CE9C91-7B16-4EA4-9D9A-AF5ADDC8E3F4}.Release|x64.ActiveCfg = Release|x64
		{A2CE9C91-7B16-4EA4-9D9A-AF5ADDC8E3F4}.Release|x64.Build.0 = Release|x64
		{A2CE9C91-7B16-4EA4-9D9A-AF5ADDC8E3F4}.Release|x86.ActiveCfg = Release|Win32
		{A2CE9C91-7B16-4EA4-9D9A-AF5ADDC8E3F4}.Release|x86.Build.0 = Release|Win32
	EndGlobalSection
	GlobalSection(SolutionProperties) = preSolution
		HideSolutionNode = FALSE
	EndGlobalSection
	GlobalSection(ExtensibilityGlobals) = postSolution
		SolutionGuid = {5DFBA0A8-4674-408B-B21D-705698DC8B0F}
	EndGlobalSection
EndGlobal
